
Microsoft Visual Studio Solution File, Format Version 12.00
# Visual Studio 14
VisualStudioVersion = 14.0.23107.0
MinimumVisualStudioVersion = 10.0.40219.1
Project("{FAE04EC0-301F-11D3-BF4B-00C04F79EFBC}") = "YUM", "YUM\YUM.csproj", "{43443AD9-8530-40AA-824F-97F82AEE9BD1}"
EndProject
Project("{FAE04EC0-301F-11D3-BF4B-00C04F79EFBC}") = "INOVIX", "INOVIX\INOVIX.csproj", "{BBDD4ED8-516A-447F-9B10-31679DA83153}"
	ProjectSection(ProjectDependencies) = postProject
		{79A03DC4-9353-41EA-B6BC-677A435599EE} = {79A03DC4-9353-41EA-B6BC-677A435599EE}
		{43443AD9-8530-40AA-824F-97F82AEE9BD1} = {43443AD9-8530-40AA-824F-97F82AEE9BD1}
	EndProjectSection
EndProject
Project("{FAE04EC0-301F-11D3-BF4B-00C04F79EFBC}") = "PortabilidadeHOST", "PortabilidadeHOST\PortabilidadeHOST.csproj", "{36259EE1-E784-4ACF-90FA-747C07EBA593}"
EndProject
Project("{FAE04EC0-301F-11D3-BF4B-00C04F79EFBC}") = "ModeloCanonico", "ModeloCanonico\ModeloCanonico.csproj", "{5DCCCAD2-47D5-4A78-B5F4-2860BC4EEAB3}"
EndProject
Project("{FAE04EC0-301F-11D3-BF4B-00C04F79EFBC}") = "Anatel", "Anatel\Anatel.csproj", "{601D2F52-95E7-471D-80FF-551786AB73F9}"
EndProject
Project("{FAE04EC0-301F-11D3-BF4B-00C04F79EFBC}") = "APT", "APT_2\APT.csproj", "{AE6D82C0-0BF2-486B-B05F-5F9A95CAB4AB}"
EndProject
Project("{FAE04EC0-301F-11D3-BF4B-00C04F79EFBC}") = "ClientTest", "ClientTest\ClientTest.csproj", "{0DD7B14E-9367-4AFB-9CC0-AB9B3562C40E}"
	ProjectSection(ProjectDependencies) = postProject
		{AE6D82C0-0BF2-486B-B05F-5F9A95CAB4AB} = {AE6D82C0-0BF2-486B-B05F-5F9A95CAB4AB}
		{79A03DC4-9353-41EA-B6BC-677A435599EE} = {79A03DC4-9353-41EA-B6BC-677A435599EE}
		{43443AD9-8530-40AA-824F-97F82AEE9BD1} = {43443AD9-8530-40AA-824F-97F82AEE9BD1}
	EndProjectSection
EndProject
Project("{FAE04EC0-301F-11D3-BF4B-00C04F79EFBC}") = "KGB", "KGB\KGB.csproj", "{79A03DC4-9353-41EA-B6BC-677A435599EE}"
EndProject
Project("{2150E333-8FDC-42A3-9474-1A3956D46DE8}") = "Solution Items", "Solution Items", "{80611DAB-FC2B-49D6-96CB-F348BEE89A6C}"
	ProjectSection(SolutionItems) = preProject
		TODO.txt = TODO.txt
	EndProjectSection
EndProject
Global
	GlobalSection(SolutionConfigurationPlatforms) = preSolution
		Debug|Any CPU = Debug|Any CPU
		Debug|Mixed Platforms = Debug|Mixed Platforms
		Debug|x86 = Debug|x86
		Release|Any CPU = Release|Any CPU
		Release|Mixed Platforms = Release|Mixed Platforms
		Release|x86 = Release|x86
	EndGlobalSection
	GlobalSection(ProjectConfigurationPlatforms) = postSolution
		{43443AD9-8530-40AA-824F-97F82AEE9BD1}.Debug|Any CPU.ActiveCfg = Debug|Any CPU
		{43443AD9-8530-40AA-824F-97F82AEE9BD1}.Debug|Any CPU.Build.0 = Debug|Any CPU
		{43443AD9-8530-40AA-824F-97F82AEE9BD1}.Debug|Mixed Platforms.ActiveCfg = Debug|Any CPU
		{43443AD9-8530-40AA-824F-97F82AEE9BD1}.Debug|Mixed Platforms.Build.0 = Debug|Any CPU
		{43443AD9-8530-40AA-824F-97F82AEE9BD1}.Debug|x86.ActiveCfg = Debug|Any CPU
		{43443AD9-8530-40AA-824F-97F82AEE9BD1}.Release|Any CPU.ActiveCfg = Release|Any CPU
		{43443AD9-8530-40AA-824F-97F82AEE9BD1}.Release|Any CPU.Build.0 = Release|Any CPU
		{43443AD9-8530-40AA-824F-97F82AEE9BD1}.Release|Mixed Platforms.ActiveCfg = Release|Any CPU
		{43443AD9-8530-40AA-824F-97F82AEE9BD1}.Release|Mixed Platforms.Build.0 = Release|Any CPU
		{43443AD9-8530-40AA-824F-97F82AEE9BD1}.Release|x86.ActiveCfg = Release|Any CPU
		{BBDD4ED8-516A-447F-9B10-31679DA83153}.Debug|Any CPU.ActiveCfg = Debug|Any CPU
		{BBDD4ED8-516A-447F-9B10-31679DA83153}.Debug|Any CPU.Build.0 = Debug|Any CPU
		{BBDD4ED8-516A-447F-9B10-31679DA83153}.Debug|Mixed Platforms.ActiveCfg = Debug|Any CPU
		{BBDD4ED8-516A-447F-9B10-31679DA83153}.Debug|Mixed Platforms.Build.0 = Debug|Any CPU
		{BBDD4ED8-516A-447F-9B10-31679DA83153}.Debug|x86.ActiveCfg = Debug|Any CPU
		{BBDD4ED8-516A-447F-9B10-31679DA83153}.Release|Any CPU.ActiveCfg = Release|Any CPU
		{BBDD4ED8-516A-447F-9B10-31679DA83153}.Release|Any CPU.Build.0 = Release|Any CPU
		{BBDD4ED8-516A-447F-9B10-31679DA83153}.Release|Mixed Platforms.ActiveCfg = Release|Any CPU
		{BBDD4ED8-516A-447F-9B10-31679DA83153}.Release|Mixed Platforms.Build.0 = Release|Any CPU
		{BBDD4ED8-516A-447F-9B10-31679DA83153}.Release|x86.ActiveCfg = Release|Any CPU
		{36259EE1-E784-4ACF-90FA-747C07EBA593}.Debug|Any CPU.ActiveCfg = Debug|x86
		{36259EE1-E784-4ACF-90FA-747C07EBA593}.Debug|Mixed Platforms.ActiveCfg = Debug|x86
		{36259EE1-E784-4ACF-90FA-747C07EBA593}.Debug|Mixed Platforms.Build.0 = Debug|x86
		{36259EE1-E784-4ACF-90FA-747C07EBA593}.Debug|x86.ActiveCfg = Debug|x86
		{36259EE1-E784-4ACF-90FA-747C07EBA593}.Debug|x86.Build.0 = Debug|x86
		{36259EE1-E784-4ACF-90FA-747C07EBA593}.Release|Any CPU.ActiveCfg = Release|x86
		{36259EE1-E784-4ACF-90FA-747C07EBA593}.Release|Mixed Platforms.ActiveCfg = Release|x86
		{36259EE1-E784-4ACF-90FA-747C07EBA593}.Release|Mixed Platforms.Build.0 = Release|x86
		{36259EE1-E784-4ACF-90FA-747C07EBA593}.Release|x86.ActiveCfg = Release|x86
		{36259EE1-E784-4ACF-90FA-747C07EBA593}.Release|x86.Build.0 = Release|x86
		{5DCCCAD2-47D5-4A78-B5F4-2860BC4EEAB3}.Debug|Any CPU.ActiveCfg = Debug|Any CPU
		{5DCCCAD2-47D5-4A78-B5F4-2860BC4EEAB3}.Debug|Any CPU.Build.0 = Debug|Any CPU
		{5DCCCAD2-47D5-4A78-B5F4-2860BC4EEAB3}.Debug|Mixed Platforms.ActiveCfg = Debug|Any CPU
		{5DCCCAD2-47D5-4A78-B5F4-2860BC4EEAB3}.Debug|Mixed Platforms.Build.0 = Debug|Any CPU
		{5DCCCAD2-47D5-4A78-B5F4-2860BC4EEAB3}.Debug|x86.ActiveCfg = Debug|Any CPU
		{5DCCCAD2-47D5-4A78-B5F4-2860BC4EEAB3}.Release|Any CPU.ActiveCfg = Release|Any CPU
		{5DCCCAD2-47D5-4A78-B5F4-2860BC4EEAB3}.Release|Any CPU.Build.0 = Release|Any CPU
		{5DCCCAD2-47D5-4A78-B5F4-2860BC4EEAB3}.Release|Mixed Platforms.ActiveCfg = Release|Any CPU
		{5DCCCAD2-47D5-4A78-B5F4-2860BC4EEAB3}.Release|Mixed Platforms.Build.0 = Release|Any CPU
		{5DCCCAD2-47D5-4A78-B5F4-2860BC4EEAB3}.Release|x86.ActiveCfg = Release|Any CPU
		{601D2F52-95E7-471D-80FF-551786AB73F9}.Debug|Any CPU.ActiveCfg = Debug|Any CPU
		{601D2F52-95E7-471D-80FF-551786AB73F9}.Debug|Any CPU.Build.0 = Debug|Any CPU
		{601D2F52-95E7-471D-80FF-551786AB73F9}.Debug|Mixed Platforms.ActiveCfg = Debug|Any CPU
		{601D2F52-95E7-471D-80FF-551786AB73F9}.Debug|Mixed Platforms.Build.0 = Debug|Any CPU
		{601D2F52-95E7-471D-80FF-551786AB73F9}.Debug|x86.ActiveCfg = Debug|Any CPU
		{601D2F52-95E7-471D-80FF-551786AB73F9}.Release|Any CPU.ActiveCfg = Release|Any CPU
		{601D2F52-95E7-471D-80FF-551786AB73F9}.Release|Any CPU.Build.0 = Release|Any CPU
		{601D2F52-95E7-471D-80FF-551786AB73F9}.Release|Mixed Platforms.ActiveCfg = Release|Any CPU
		{601D2F52-95E7-471D-80FF-551786AB73F9}.Release|Mixed Platforms.Build.0 = Release|Any CPU
		{601D2F52-95E7-471D-80FF-551786AB73F9}.Release|x86.ActiveCfg = Release|Any CPU
		{AE6D82C0-0BF2-486B-B05F-5F9A95CAB4AB}.Debug|Any CPU.ActiveCfg = Debug|Any CPU
		{AE6D82C0-0BF2-486B-B05F-5F9A95CAB4AB}.Debug|Any CPU.Build.0 = Debug|Any CPU
		{AE6D82C0-0BF2-486B-B05F-5F9A95CAB4AB}.Debug|Mixed Platforms.ActiveCfg = Debug|Any CPU
		{AE6D82C0-0BF2-486B-B05F-5F9A95CAB4AB}.Debug|Mixed Platforms.Build.0 = Debug|Any CPU
		{AE6D82C0-0BF2-486B-B05F-5F9A95CAB4AB}.Debug|x86.ActiveCfg = Debug|Any CPU
		{AE6D82C0-0BF2-486B-B05F-5F9A95CAB4AB}.Debug|x86.Build.0 = Debug|Any CPU
		{AE6D82C0-0BF2-486B-B05F-5F9A95CAB4AB}.Release|Any CPU.ActiveCfg = Release|Any CPU
		{AE6D82C0-0BF2-486B-B05F-5F9A95CAB4AB}.Release|Any CPU.Build.0 = Release|Any CPU
		{AE6D82C0-0BF2-486B-B05F-5F9A95CAB4AB}.Release|Mixed Platforms.ActiveCfg = Release|Any CPU
		{AE6D82C0-0BF2-486B-B05F-5F9A95CAB4AB}.Release|Mixed Platforms.Build.0 = Release|Any CPU
		{AE6D82C0-0BF2-486B-B05F-5F9A95CAB4AB}.Release|x86.ActiveCfg = Release|Any CPU
		{AE6D82C0-0BF2-486B-B05F-5F9A95CAB4AB}.Release|x86.Build.0 = Release|Any CPU
		{0DD7B14E-9367-4AFB-9CC0-AB9B3562C40E}.Debug|Any CPU.ActiveCfg = Debug|Any CPU
		{0DD7B14E-9367-4AFB-9CC0-AB9B3562C40E}.Debug|Any CPU.Build.0 = Debug|Any CPU
		{0DD7B14E-9367-4AFB-9CC0-AB9B3562C40E}.Debug|Mixed Platforms.ActiveCfg = Debug|Any CPU
		{0DD7B14E-9367-4AFB-9CC0-AB9B3562C40E}.Debug|Mixed Platforms.Build.0 = Debug|Any CPU
		{0DD7B14E-9367-4AFB-9CC0-AB9B3562C40E}.Debug|x86.ActiveCfg = Debug|Any CPU
		{0DD7B14E-9367-4AFB-9CC0-AB9B3562C40E}.Debug|x86.Build.0 = Debug|Any CPU
		{0DD7B14E-9367-4AFB-9CC0-AB9B3562C40E}.Release|Any CPU.ActiveCfg = Release|Any CPU
		{0DD7B14E-9367-4AFB-9CC0-AB9B3562C40E}.Release|Any CPU.Build.0 = Release|Any CPU
		{0DD7B14E-9367-4AFB-9CC0-AB9B3562C40E}.Release|Mixed Platforms.ActiveCfg = Release|Any CPU
		{0DD7B14E-9367-4AFB-9CC0-AB9B3562C40E}.Release|Mixed Platforms.Build.0 = Release|Any CPU
		{0DD7B14E-9367-4AFB-9CC0-AB9B3562C40E}.Release|x86.ActiveCfg = Release|Any CPU
		{0DD7B14E-9367-4AFB-9CC0-AB9B3562C40E}.Release|x86.Build.0 = Release|Any CPU
		{79A03DC4-9353-41EA-B6BC-677A435599EE}.Debug|Any CPU.ActiveCfg = Debug|Any CPU
		{79A03DC4-9353-41EA-B6BC-677A435599EE}.Debug|Any CPU.Build.0 = Debug|Any CPU
		{79A03DC4-9353-41EA-B6BC-677A435599EE}.Debug|Mixed Platforms.ActiveCfg = Debug|Any CPU
		{79A03DC4-9353-41EA-B6BC-677A435599EE}.Debug|Mixed Platforms.Build.0 = Debug|Any CPU
		{79A03DC4-9353-41EA-B6BC-677A435599EE}.Debug|x86.ActiveCfg = Debug|Any CPU
		{79A03DC4-9353-41EA-B6BC-677A435599EE}.Debug|x86.Build.0 = Debug|Any CPU
		{79A03DC4-9353-41EA-B6BC-677A435599EE}.Release|Any CPU.ActiveCfg = Release|Any CPU
		{79A03DC4-9353-41EA-B6BC-677A435599EE}.Release|Any CPU.Build.0 = Release|Any CPU
		{79A03DC4-9353-41EA-B6BC-677A435599EE}.Release|Mixed Platforms.ActiveCfg = Release|Any CPU
		{79A03DC4-9353-41EA-B6BC-677A435599EE}.Release|Mixed Platforms.Build.0 = Release|Any CPU
		{79A03DC4-9353-41EA-B6BC-677A435599EE}.Release|x86.ActiveCfg = Release|Any CPU
		{79A03DC4-9353-41EA-B6BC-677A435599EE}.Release|x86.Build.0 = Release|Any CPU
	EndGlobalSection
	GlobalSection(SolutionProperties) = preSolution
		HideSolutionNode = FALSE
	EndGlobalSection
EndGlobal
